
Microsoft Visual Studio Solution File, Format Version 12.00
# Visual Studio 15
VisualStudioVersion = 15.0.27130.2036
MinimumVisualStudioVersion = 10.0.40219.1
Project("{FAE04EC0-301F-11D3-BF4B-00C04F79EFBC}") = "CrmPackage", "CrmPackage\CrmPackage.csproj", "{86F142BD-0313-4355-A2F8-1292D7FE48D6}"
	ProjectSection(ProjectDependencies) = postProject
		{6B6DF110-F532-44EC-AD46-989348B78A82} = {6B6DF110-F532-44EC-AD46-989348B78A82}
		{5D37D456-8B3B-4DCD-98C5-1B8DEAC9F884} = {5D37D456-8B3B-4DCD-98C5-1B8DEAC9F884}
		{C48BB35C-55CC-421C-B61A-6BD63BE025C6} = {C48BB35C-55CC-421C-B61A-6BD63BE025C6}
		{4252479A-8DD1-4E89-AEAA-7EDA1C3A2040} = {4252479A-8DD1-4E89-AEAA-7EDA1C3A2040}
		{C1A8D7D9-7103-449F-905E-94FAD07F88E0} = {C1A8D7D9-7103-449F-905E-94FAD07F88E0}
		{6DCA1BDB-5E56-4C27-B8E5-F54F5CFC58FF} = {6DCA1BDB-5E56-4C27-B8E5-F54F5CFC58FF}
	EndProjectSection
EndProject
Project("{FAE04EC0-301F-11D3-BF4B-00C04F79EFBC}") = "ClientUI", "Client\ClientUI.csproj", "{C48BB35C-55CC-421C-B61A-6BD63BE025C6}"
EndProject
Project("{FAE04EC0-301F-11D3-BF4B-00C04F79EFBC}") = "DebugWeb", "DebugWeb\DebugWeb.csproj", "{FC068575-8915-496D-B58F-2BCA3DAD90CB}"
	ProjectSection(ProjectDependencies) = postProject
		{6B6DF110-F532-44EC-AD46-989348B78A82} = {6B6DF110-F532-44EC-AD46-989348B78A82}
		{5D37D456-8B3B-4DCD-98C5-1B8DEAC9F884} = {5D37D456-8B3B-4DCD-98C5-1B8DEAC9F884}
		{C48BB35C-55CC-421C-B61A-6BD63BE025C6} = {C48BB35C-55CC-421C-B61A-6BD63BE025C6}
		{4252479A-8DD1-4E89-AEAA-7EDA1C3A2040} = {4252479A-8DD1-4E89-AEAA-7EDA1C3A2040}
		{C1A8D7D9-7103-449F-905E-94FAD07F88E0} = {C1A8D7D9-7103-449F-905E-94FAD07F88E0}
	EndProjectSection
EndProject
Project("{2150E333-8FDC-42A3-9474-1A3956D46DE8}") = "Example Client Libraries", "Example Client Libraries", "{BAF0523D-8DAD-4CB5-9AC4-B7C25D6A760C}"
EndProject
Project("{2150E333-8FDC-42A3-9474-1A3956D46DE8}") = "SparkleXrm Libraries", "SparkleXrm Libraries", "{8405F4ED-DBFB-4DEC-9839-BADEC0C9460A}"
EndProject
Project("{FAE04EC0-301F-11D3-BF4B-00C04F79EFBC}") = "SparkleXrm", "SparkleXrm\SparkleXrm.csproj", "{5D37D456-8B3B-4DCD-98C5-1B8DEAC9F884}"
EndProject
Project("{FAE04EC0-301F-11D3-BF4B-00C04F79EFBC}") = "SparkleXrmUI", "SparkleXrmUI\SparkleXrmUI.csproj", "{4252479A-8DD1-4E89-AEAA-7EDA1C3A2040}"
EndProject
Project("{FAE04EC0-301F-11D3-BF4B-00C04F79EFBC}") = "ClientHooks", "ClientHooks\ClientHooks.csproj", "{C1A8D7D9-7103-449F-905E-94FAD07F88E0}"
EndProject
Project("{FAE04EC0-301F-11D3-BF4B-00C04F79EFBC}") = "Slick", "Slick\Slick.csproj", "{6B6DF110-F532-44EC-AD46-989348B78A82}"
EndProject
Project("{2150E333-8FDC-42A3-9474-1A3956D46DE8}") = ".nuget", ".nuget", "{E4BEF6E1-B9EA-4236-B07B-8B009E336D99}"
	ProjectSection(SolutionItems) = preProject
		.nuget\NuGet.Config = .nuget\NuGet.Config
		.nuget\NuGet.exe = .nuget\NuGet.exe
		.nuget\NuGet.targets = .nuget\NuGet.targets
	EndProjectSection
EndProject
Project("{FAE04EC0-301F-11D3-BF4B-00C04F79EFBC}") = "SparkleXrm.UnitTests", "SparkleXrm.UnitTests\SparkleXrm.UnitTests.csproj", "{6DCA1BDB-5E56-4C27-B8E5-F54F5CFC58FF}"
EndProject
Project("{F5034706-568F-408A-B7B3-4D38C6DB8A32}") = "BuildTasks", "BuildTasks\BuildTasks.pssproj", "{6CAFC0C6-A428-4D30-A9F9-700E829FEA51}"
EndProject
Global
	GlobalSection(SolutionConfigurationPlatforms) = preSolution
		Debug|Any CPU = Debug|Any CPU
		Release|Any CPU = Release|Any CPU
	EndGlobalSection
	GlobalSection(ProjectConfigurationPlatforms) = postSolution
		{86F142BD-0313-4355-A2F8-1292D7FE48D6}.Debug|Any CPU.ActiveCfg = Debug|Any CPU
		{86F142BD-0313-4355-A2F8-1292D7FE48D6}.Debug|Any CPU.Build.0 = Debug|Any CPU
		{86F142BD-0313-4355-A2F8-1292D7FE48D6}.Debug|Any CPU.Deploy.0 = Debug|Any CPU
		{86F142BD-0313-4355-A2F8-1292D7FE48D6}.Release|Any CPU.ActiveCfg = Release|Any CPU
		{86F142BD-0313-4355-A2F8-1292D7FE48D6}.Release|Any CPU.Build.0 = Release|Any CPU
		{86F142BD-0313-4355-A2F8-1292D7FE48D6}.Release|Any CPU.Deploy.0 = Release|Any CPU
		{C48BB35C-55CC-421C-B61A-6BD63BE025C6}.Debug|Any CPU.ActiveCfg = Debug|Any CPU
		{C48BB35C-55CC-421C-B61A-6BD63BE025C6}.Debug|Any CPU.Build.0 = Debug|Any CPU
		{C48BB35C-55CC-421C-B61A-6BD63BE025C6}.Release|Any CPU.ActiveCfg = Release|Any CPU
		{C48BB35C-55CC-421C-B61A-6BD63BE025C6}.Release|Any CPU.Build.0 = Release|Any CPU
		{FC068575-8915-496D-B58F-2BCA3DAD90CB}.Debug|Any CPU.ActiveCfg = Debug|Any CPU
		{FC068575-8915-496D-B58F-2BCA3DAD90CB}.Debug|Any CPU.Build.0 = Debug|Any CPU
		{FC068575-8915-496D-B58F-2BCA3DAD90CB}.Release|Any CPU.ActiveCfg = Release|Any CPU
		{FC068575-8915-496D-B58F-2BCA3DAD90CB}.Release|Any CPU.Build.0 = Release|Any CPU
		{5D37D456-8B3B-4DCD-98C5-1B8DEAC9F884}.Debug|Any CPU.ActiveCfg = Debug|Any CPU
		{5D37D456-8B3B-4DCD-98C5-1B8DEAC9F884}.Debug|Any CPU.Build.0 = Debug|Any CPU
		{5D37D456-8B3B-4DCD-98C5-1B8DEAC9F884}.Release|Any CPU.ActiveCfg = Release|Any CPU
		{5D37D456-8B3B-4DCD-98C5-1B8DEAC9F884}.Release|Any CPU.Build.0 = Release|Any CPU
		{4252479A-8DD1-4E89-AEAA-7EDA1C3A2040}.Debug|Any CPU.ActiveCfg = Debug|Any CPU
		{4252479A-8DD1-4E89-AEAA-7EDA1C3A2040}.Debug|Any CPU.Build.0 = Debug|Any CPU
		{4252479A-8DD1-4E89-AEAA-7EDA1C3A2040}.Release|Any CPU.ActiveCfg = Release|Any CPU
		{4252479A-8DD1-4E89-AEAA-7EDA1C3A2040}.Release|Any CPU.Build.0 = Release|Any CPU
		{C1A8D7D9-7103-449F-905E-94FAD07F88E0}.Debug|Any CPU.ActiveCfg = Debug|Any CPU
		{C1A8D7D9-7103-449F-905E-94FAD07F88E0}.Debug|Any CPU.Build.0 = Debug|Any CPU
		{C1A8D7D9-7103-449F-905E-94FAD07F88E0}.Release|Any CPU.ActiveCfg = Release|Any CPU
		{C1A8D7D9-7103-449F-905E-94FAD07F88E0}.Release|Any CPU.Build.0 = Release|Any CPU
		{6B6DF110-F532-44EC-AD46-989348B78A82}.Debug|Any CPU.ActiveCfg = Debug|Any CPU
		{6B6DF110-F532-44EC-AD46-989348B78A82}.Debug|Any CPU.Build.0 = Debug|Any CPU
		{6B6DF110-F532-44EC-AD46-989348B78A82}.Release|Any CPU.ActiveCfg = Release|Any CPU
		{6B6DF110-F532-44EC-AD46-989348B78A82}.Release|Any CPU.Build.0 = Release|Any CPU
		{6DCA1BDB-5E56-4C27-B8E5-F54F5CFC58FF}.Debug|Any CPU.ActiveCfg = Debug|Any CPU
		{6DCA1BDB-5E56-4C27-B8E5-F54F5CFC58FF}.Debug|Any CPU.Build.0 = Debug|Any CPU
		{6DCA1BDB-5E56-4C27-B8E5-F54F5CFC58FF}.Release|Any CPU.ActiveCfg = Release|Any CPU
		{6DCA1BDB-5E56-4C27-B8E5-F54F5CFC58FF}.Release|Any CPU.Build.0 = Release|Any CPU
		{6CAFC0C6-A428-4D30-A9F9-700E829FEA51}.Debug|Any CPU.ActiveCfg = Debug|Any CPU
		{6CAFC0C6-A428-4D30-A9F9-700E829FEA51}.Debug|Any CPU.Build.0 = Debug|Any CPU
		{6CAFC0C6-A428-4D30-A9F9-700E829FEA51}.Release|Any CPU.ActiveCfg = Release|Any CPU
		{6CAFC0C6-A428-4D30-A9F9-700E829FEA51}.Release|Any CPU.Build.0 = Release|Any CPU
	EndGlobalSection
	GlobalSection(SolutionProperties) = preSolution
		HideSolutionNode = FALSE
	EndGlobalSection
	GlobalSection(NestedProjects) = preSolution
		{C48BB35C-55CC-421C-B61A-6BD63BE025C6} = {BAF0523D-8DAD-4CB5-9AC4-B7C25D6A760C}
		{5D37D456-8B3B-4DCD-98C5-1B8DEAC9F884} = {8405F4ED-DBFB-4DEC-9839-BADEC0C9460A}
		{4252479A-8DD1-4E89-AEAA-7EDA1C3A2040} = {8405F4ED-DBFB-4DEC-9839-BADEC0C9460A}
		{C1A8D7D9-7103-449F-905E-94FAD07F88E0} = {BAF0523D-8DAD-4CB5-9AC4-B7C25D6A760C}
		{6B6DF110-F532-44EC-AD46-989348B78A82} = {8405F4ED-DBFB-4DEC-9839-BADEC0C9460A}
		{6DCA1BDB-5E56-4C27-B8E5-F54F5CFC58FF} = {BAF0523D-8DAD-4CB5-9AC4-B7C25D6A760C}
	EndGlobalSection
	GlobalSection(ExtensibilityGlobals) = postSolution
		SolutionGuid = {C83FE130-1EA6-4FC5-B645-2218A4D2C0D5}
	EndGlobalSection
	GlobalSection(CRMSolutionProperties) = preSolution
		SolutionIsBoundToCRM = True
	EndGlobalSection
	GlobalSection(CRMSolutionProperties) = preSolution
		SolutionIsBoundToCRM = True
	EndGlobalSection
EndGlobal
