
Microsoft Visual Studio Solution File, Format Version 12.00
# Visual Studio 2012
Project("{88A30576-7583-4F75-8136-5EFD2C14ADFF}") = "CrmPackage", "SparkleXrmCrmPackage\CrmPackage\CrmPackage.csproj", "{AEFC2818-1640-4DA2-8B9C-6A4DE6DE4B0F}"
	ProjectSection(ProjectDependencies) = postProject
		{F407ACA9-9255-4CBF-9567-FC5098A4D630} = {F407ACA9-9255-4CBF-9567-FC5098A4D630}
	EndProjectSection
EndProject
Project("{FAE04EC0-301F-11D3-BF4B-00C04F79EFBC}") = "ClientUI", "ClientUI\ClientUI.csproj", "{F407ACA9-9255-4CBF-9567-FC5098A4D630}"
EndProject
Global
	GlobalSection(CRMSolutionProperties) = preSolution
		SolutionIsBoundToCRM = True
	EndGlobalSection
	GlobalSection(SolutionConfigurationPlatforms) = preSolution
		Debug|Any CPU = Debug|Any CPU
		Release|Any CPU = Release|Any CPU
	EndGlobalSection
	GlobalSection(ProjectConfigurationPlatforms) = postSolution
		{AEFC2818-1640-4DA2-8B9C-6A4DE6DE4B0F}.Debug|Any CPU.ActiveCfg = Debug|Any CPU
		{AEFC2818-1640-4DA2-8B9C-6A4DE6DE4B0F}.Debug|Any CPU.Build.0 = Debug|Any CPU
		{AEFC2818-1640-4DA2-8B9C-6A4DE6DE4B0F}.Debug|Any CPU.Deploy.0 = Debug|Any CPU
		{AEFC2818-1640-4DA2-8B9C-6A4DE6DE4B0F}.Release|Any CPU.ActiveCfg = Release|Any CPU
		{AEFC2818-1640-4DA2-8B9C-6A4DE6DE4B0F}.Release|Any CPU.Build.0 = Release|Any CPU
		{AEFC2818-1640-4DA2-8B9C-6A4DE6DE4B0F}.Release|Any CPU.Deploy.0 = Release|Any CPU
		{F407ACA9-9255-4CBF-9567-FC5098A4D630}.Debug|Any CPU.ActiveCfg = Debug|Any CPU
		{F407ACA9-9255-4CBF-9567-FC5098A4D630}.Debug|Any CPU.Build.0 = Debug|Any CPU
		{F407ACA9-9255-4CBF-9567-FC5098A4D630}.Release|Any CPU.ActiveCfg = Release|Any CPU
		{F407ACA9-9255-4CBF-9567-FC5098A4D630}.Release|Any CPU.Build.0 = Release|Any CPU
	EndGlobalSection
	GlobalSection(SolutionProperties) = preSolution
		HideSolutionNode = FALSE
	EndGlobalSection
	GlobalSection(CRMSolutionProperties) = preSolution
		    SolutionIsBoundToCRM = TRUE
	EndGlobalSection
EndGlobal
