
Microsoft Visual Studio Solution File, Format Version 12.00
# Visual Studio 15
VisualStudioVersion = 15.0.26730.12
MinimumVisualStudioVersion = 10.0.40219.1
Project("{FAE04EC0-301F-11D3-BF4B-00C04F79EFBC}") = "Microsoft.Crm.Sdk.Fakes", "Microsoft.Crm.Sdk.Fakes\Microsoft.Crm.Sdk.Fakes.csproj", "{A943753C-9E20-42F4-BC16-E80B1237089C}"
EndProject
Project("{FAE04EC0-301F-11D3-BF4B-00C04F79EFBC}") = "Microsoft.Crm.Sdk.Fakes.Tests", "Microsoft.Crm.Sdk.Fakes.Tests\Microsoft.Crm.Sdk.Fakes.Tests.csproj", "{A16B5617-DB06-40AD-8D83-0C53F74573FD}"
EndProject
Global
	GlobalSection(SolutionConfigurationPlatforms) = preSolution
		Debug|Any CPU = Debug|Any CPU
		Release|Any CPU = Release|Any CPU
	EndGlobalSection
	GlobalSection(ProjectConfigurationPlatforms) = postSolution
		{A943753C-9E20-42F4-BC16-E80B1237089C}.Debug|Any CPU.ActiveCfg = Debug|Any CPU
		{A943753C-9E20-42F4-BC16-E80B1237089C}.Debug|Any CPU.Build.0 = Debug|Any CPU
		{A943753C-9E20-42F4-BC16-E80B1237089C}.Release|Any CPU.ActiveCfg = Release|Any CPU
		{A943753C-9E20-42F4-BC16-E80B1237089C}.Release|Any CPU.Build.0 = Release|Any CPU
		{A16B5617-DB06-40AD-8D83-0C53F74573FD}.Debug|Any CPU.ActiveCfg = Debug|Any CPU
		{A16B5617-DB06-40AD-8D83-0C53F74573FD}.Debug|Any CPU.Build.0 = Debug|Any CPU
		{A16B5617-DB06-40AD-8D83-0C53F74573FD}.Release|Any CPU.ActiveCfg = Release|Any CPU
		{A16B5617-DB06-40AD-8D83-0C53F74573FD}.Release|Any CPU.Build.0 = Release|Any CPU
	EndGlobalSection
	GlobalSection(SolutionProperties) = preSolution
		HideSolutionNode = FALSE
	EndGlobalSection
	GlobalSection(ExtensibilityGlobals) = postSolution
		SolutionGuid = {5E72FBEA-67D0-4199-9799-B48D41912CBB}
	EndGlobalSection
EndGlobal
