
Microsoft Visual Studio Solution File, Format Version 12.00
# Visual Studio 14
VisualStudioVersion = 14.0.25420.1
MinimumVisualStudioVersion = 10.0.40219.1
Project("{FAE04EC0-301F-11D3-BF4B-00C04F79EFBC}") = "SparkleXrm.Tasks", "SparkleXrm.Tasks\SparkleXrm.Tasks.csproj", "{439FFD12-81E6-41DD-8AED-35A526051D45}"
EndProject
Project("{FAE04EC0-301F-11D3-BF4B-00C04F79EFBC}") = "SparkleXrm.Tasks.Tests", "SparkleXrm.Tasks.Tests\SparkleXrm.Tasks.Tests.csproj", "{9FC8A0B0-1668-445E-8F9F-3928ECA786F4}"
EndProject
Project("{FAE04EC0-301F-11D3-BF4B-00C04F79EFBC}") = "TestPlugin", "TestPlugin\TestPlugin.csproj", "{57E6527B-0860-4208-986B-776C9B159A41}"
EndProject
Project("{FAE04EC0-301F-11D3-BF4B-00C04F79EFBC}") = "TestWorkflowActivity", "TestWorkflowActivity\TestWorkflowActivity.csproj", "{E1D15DFB-F2BA-40F5-8C1C-34482C1D74B6}"
EndProject
Project("{2150E333-8FDC-42A3-9474-1A3956D46DE8}") = "TestProjects", "TestProjects", "{A40D37EB-2570-43F8-B852-82C91A5A101D}"
EndProject
Project("{E24C65DC-7377-472B-9ABA-BC803B73C61A}") = "Webresources", "Webresources\", "{A9FDFE00-5D28-47C6-863D-41C463D6FC5E}"
	ProjectSection(WebsiteProperties) = preProject
		TargetFrameworkMoniker = ".NETFramework,Version%3Dv4.0"
		Debug.AspNetCompiler.VirtualPath = "/localhost_3139"
		Debug.AspNetCompiler.PhysicalPath = "Webresources\"
		Debug.AspNetCompiler.TargetPath = "PrecompiledWeb\localhost_3139\"
		Debug.AspNetCompiler.Updateable = "true"
		Debug.AspNetCompiler.ForceOverwrite = "true"
		Debug.AspNetCompiler.FixedNames = "false"
		Debug.AspNetCompiler.Debug = "True"
		Release.AspNetCompiler.VirtualPath = "/localhost_3139"
		Release.AspNetCompiler.PhysicalPath = "Webresources\"
		Release.AspNetCompiler.TargetPath = "PrecompiledWeb\localhost_3139\"
		Release.AspNetCompiler.Updateable = "true"
		Release.AspNetCompiler.ForceOverwrite = "true"
		Release.AspNetCompiler.FixedNames = "false"
		Release.AspNetCompiler.Debug = "False"
		VWDPort = "3139"
		SlnRelativePath = "Webresources\"
		StartServerOnDebug = "false"
	EndProjectSection
EndProject
Project("{FAE04EC0-301F-11D3-BF4B-00C04F79EFBC}") = "spkl", "spkl\spkl.csproj", "{CADC1BD4-46B5-46D9-B2CC-28482B7B90C5}"
EndProject
Project("{FAE04EC0-301F-11D3-BF4B-00C04F79EFBC}") = "CrmSvcUtil.FilteringService", "CrmSvcUtilFilteringService\CrmSvcUtil.FilteringService.csproj", "{EA2B393E-2C0E-4F80-A44C-712877A04870}"
EndProject
Project("{F5034706-568F-408A-B7B3-4D38C6DB8A32}") = "BuildTasks", "BuildTasks\BuildTasks.pssproj", "{6CAFC0C6-A428-4D30-A9F9-700E829FEA51}"
EndProject
Project("{FAE04EC0-301F-11D3-BF4B-00C04F79EFBC}") = "SparkleXrm.CrmSvcUtil.Helper", "SparkleXrm.CrmSvcUtil.Helper\SparkleXrm.CrmSvcUtil.Helper.csproj", "{D3757030-BA73-415F-ADC9-9B0C0FDB7D2F}"
EndProject
Global
	GlobalSection(SolutionConfigurationPlatforms) = preSolution
		Debug|Any CPU = Debug|Any CPU
		Debug|x86 = Debug|x86
		Release|Any CPU = Release|Any CPU
		Release|x86 = Release|x86
	EndGlobalSection
	GlobalSection(ProjectConfigurationPlatforms) = postSolution
		{439FFD12-81E6-41DD-8AED-35A526051D45}.Debug|Any CPU.ActiveCfg = Debug|Any CPU
		{439FFD12-81E6-41DD-8AED-35A526051D45}.Debug|Any CPU.Build.0 = Debug|Any CPU
		{439FFD12-81E6-41DD-8AED-35A526051D45}.Debug|x86.ActiveCfg = Debug|Any CPU
		{439FFD12-81E6-41DD-8AED-35A526051D45}.Debug|x86.Build.0 = Debug|Any CPU
		{439FFD12-81E6-41DD-8AED-35A526051D45}.Release|Any CPU.ActiveCfg = Release|Any CPU
		{439FFD12-81E6-41DD-8AED-35A526051D45}.Release|Any CPU.Build.0 = Release|Any CPU
		{439FFD12-81E6-41DD-8AED-35A526051D45}.Release|x86.ActiveCfg = Release|Any CPU
		{439FFD12-81E6-41DD-8AED-35A526051D45}.Release|x86.Build.0 = Release|Any CPU
		{9FC8A0B0-1668-445E-8F9F-3928ECA786F4}.Debug|Any CPU.ActiveCfg = Debug|Any CPU
		{9FC8A0B0-1668-445E-8F9F-3928ECA786F4}.Debug|Any CPU.Build.0 = Debug|Any CPU
		{9FC8A0B0-1668-445E-8F9F-3928ECA786F4}.Debug|x86.ActiveCfg = Debug|Any CPU
		{9FC8A0B0-1668-445E-8F9F-3928ECA786F4}.Debug|x86.Build.0 = Debug|Any CPU
		{9FC8A0B0-1668-445E-8F9F-3928ECA786F4}.Release|Any CPU.ActiveCfg = Release|Any CPU
		{9FC8A0B0-1668-445E-8F9F-3928ECA786F4}.Release|Any CPU.Build.0 = Release|Any CPU
		{9FC8A0B0-1668-445E-8F9F-3928ECA786F4}.Release|x86.ActiveCfg = Release|Any CPU
		{9FC8A0B0-1668-445E-8F9F-3928ECA786F4}.Release|x86.Build.0 = Release|Any CPU
		{57E6527B-0860-4208-986B-776C9B159A41}.Debug|Any CPU.ActiveCfg = Debug|Any CPU
		{57E6527B-0860-4208-986B-776C9B159A41}.Debug|Any CPU.Build.0 = Debug|Any CPU
		{57E6527B-0860-4208-986B-776C9B159A41}.Debug|x86.ActiveCfg = Debug|Any CPU
		{57E6527B-0860-4208-986B-776C9B159A41}.Debug|x86.Build.0 = Debug|Any CPU
		{57E6527B-0860-4208-986B-776C9B159A41}.Release|Any CPU.ActiveCfg = Release|Any CPU
		{57E6527B-0860-4208-986B-776C9B159A41}.Release|Any CPU.Build.0 = Release|Any CPU
		{57E6527B-0860-4208-986B-776C9B159A41}.Release|x86.ActiveCfg = Release|Any CPU
		{57E6527B-0860-4208-986B-776C9B159A41}.Release|x86.Build.0 = Release|Any CPU
		{E1D15DFB-F2BA-40F5-8C1C-34482C1D74B6}.Debug|Any CPU.ActiveCfg = Debug|Any CPU
		{E1D15DFB-F2BA-40F5-8C1C-34482C1D74B6}.Debug|Any CPU.Build.0 = Debug|Any CPU
		{E1D15DFB-F2BA-40F5-8C1C-34482C1D74B6}.Debug|x86.ActiveCfg = Debug|Any CPU
		{E1D15DFB-F2BA-40F5-8C1C-34482C1D74B6}.Debug|x86.Build.0 = Debug|Any CPU
		{E1D15DFB-F2BA-40F5-8C1C-34482C1D74B6}.Release|Any CPU.ActiveCfg = Release|Any CPU
		{E1D15DFB-F2BA-40F5-8C1C-34482C1D74B6}.Release|Any CPU.Build.0 = Release|Any CPU
		{E1D15DFB-F2BA-40F5-8C1C-34482C1D74B6}.Release|x86.ActiveCfg = Release|Any CPU
		{E1D15DFB-F2BA-40F5-8C1C-34482C1D74B6}.Release|x86.Build.0 = Release|Any CPU
		{A9FDFE00-5D28-47C6-863D-41C463D6FC5E}.Debug|Any CPU.ActiveCfg = Debug|Any CPU
		{A9FDFE00-5D28-47C6-863D-41C463D6FC5E}.Debug|Any CPU.Build.0 = Debug|Any CPU
		{A9FDFE00-5D28-47C6-863D-41C463D6FC5E}.Debug|x86.ActiveCfg = Debug|Any CPU
		{A9FDFE00-5D28-47C6-863D-41C463D6FC5E}.Debug|x86.Build.0 = Debug|Any CPU
		{A9FDFE00-5D28-47C6-863D-41C463D6FC5E}.Release|Any CPU.ActiveCfg = Debug|Any CPU
		{A9FDFE00-5D28-47C6-863D-41C463D6FC5E}.Release|Any CPU.Build.0 = Debug|Any CPU
		{A9FDFE00-5D28-47C6-863D-41C463D6FC5E}.Release|x86.ActiveCfg = Debug|Any CPU
		{A9FDFE00-5D28-47C6-863D-41C463D6FC5E}.Release|x86.Build.0 = Debug|Any CPU
		{CADC1BD4-46B5-46D9-B2CC-28482B7B90C5}.Debug|Any CPU.ActiveCfg = Debug|Any CPU
		{CADC1BD4-46B5-46D9-B2CC-28482B7B90C5}.Debug|Any CPU.Build.0 = Debug|Any CPU
		{CADC1BD4-46B5-46D9-B2CC-28482B7B90C5}.Debug|x86.ActiveCfg = Debug|Any CPU
		{CADC1BD4-46B5-46D9-B2CC-28482B7B90C5}.Debug|x86.Build.0 = Debug|Any CPU
		{CADC1BD4-46B5-46D9-B2CC-28482B7B90C5}.Release|Any CPU.ActiveCfg = Release|Any CPU
		{CADC1BD4-46B5-46D9-B2CC-28482B7B90C5}.Release|Any CPU.Build.0 = Release|Any CPU
		{CADC1BD4-46B5-46D9-B2CC-28482B7B90C5}.Release|x86.ActiveCfg = Release|Any CPU
		{CADC1BD4-46B5-46D9-B2CC-28482B7B90C5}.Release|x86.Build.0 = Release|Any CPU
		{EA2B393E-2C0E-4F80-A44C-712877A04870}.Debug|Any CPU.ActiveCfg = Debug|Any CPU
		{EA2B393E-2C0E-4F80-A44C-712877A04870}.Debug|Any CPU.Build.0 = Debug|Any CPU
		{EA2B393E-2C0E-4F80-A44C-712877A04870}.Debug|x86.ActiveCfg = Debug|x86
		{EA2B393E-2C0E-4F80-A44C-712877A04870}.Debug|x86.Build.0 = Debug|x86
		{EA2B393E-2C0E-4F80-A44C-712877A04870}.Release|Any CPU.ActiveCfg = Release|Any CPU
		{EA2B393E-2C0E-4F80-A44C-712877A04870}.Release|Any CPU.Build.0 = Release|Any CPU
		{EA2B393E-2C0E-4F80-A44C-712877A04870}.Release|x86.ActiveCfg = Release|x86
		{EA2B393E-2C0E-4F80-A44C-712877A04870}.Release|x86.Build.0 = Release|x86
		{6CAFC0C6-A428-4D30-A9F9-700E829FEA51}.Debug|Any CPU.ActiveCfg = Debug|Any CPU
		{6CAFC0C6-A428-4D30-A9F9-700E829FEA51}.Debug|Any CPU.Build.0 = Debug|Any CPU
		{6CAFC0C6-A428-4D30-A9F9-700E829FEA51}.Debug|x86.ActiveCfg = Debug|Any CPU
		{6CAFC0C6-A428-4D30-A9F9-700E829FEA51}.Debug|x86.Build.0 = Debug|Any CPU
		{6CAFC0C6-A428-4D30-A9F9-700E829FEA51}.Release|Any CPU.ActiveCfg = Release|Any CPU
		{6CAFC0C6-A428-4D30-A9F9-700E829FEA51}.Release|Any CPU.Build.0 = Release|Any CPU
		{6CAFC0C6-A428-4D30-A9F9-700E829FEA51}.Release|x86.ActiveCfg = Release|Any CPU
		{6CAFC0C6-A428-4D30-A9F9-700E829FEA51}.Release|x86.Build.0 = Release|Any CPU
		{D3757030-BA73-415F-ADC9-9B0C0FDB7D2F}.Debug|Any CPU.ActiveCfg = Debug|Any CPU
		{D3757030-BA73-415F-ADC9-9B0C0FDB7D2F}.Debug|Any CPU.Build.0 = Debug|Any CPU
		{D3757030-BA73-415F-ADC9-9B0C0FDB7D2F}.Debug|x86.ActiveCfg = Debug|Any CPU
		{D3757030-BA73-415F-ADC9-9B0C0FDB7D2F}.Debug|x86.Build.0 = Debug|Any CPU
		{D3757030-BA73-415F-ADC9-9B0C0FDB7D2F}.Release|Any CPU.ActiveCfg = Release|Any CPU
		{D3757030-BA73-415F-ADC9-9B0C0FDB7D2F}.Release|Any CPU.Build.0 = Release|Any CPU
		{D3757030-BA73-415F-ADC9-9B0C0FDB7D2F}.Release|x86.ActiveCfg = Release|Any CPU
		{D3757030-BA73-415F-ADC9-9B0C0FDB7D2F}.Release|x86.Build.0 = Release|Any CPU
	EndGlobalSection
	GlobalSection(SolutionProperties) = preSolution
		HideSolutionNode = FALSE
	EndGlobalSection
	GlobalSection(NestedProjects) = preSolution
		{9FC8A0B0-1668-445E-8F9F-3928ECA786F4} = {A40D37EB-2570-43F8-B852-82C91A5A101D}
		{57E6527B-0860-4208-986B-776C9B159A41} = {A40D37EB-2570-43F8-B852-82C91A5A101D}
		{E1D15DFB-F2BA-40F5-8C1C-34482C1D74B6} = {A40D37EB-2570-43F8-B852-82C91A5A101D}
		{A9FDFE00-5D28-47C6-863D-41C463D6FC5E} = {A40D37EB-2570-43F8-B852-82C91A5A101D}
	EndGlobalSection
	GlobalSection(ExtensibilityGlobals) = postSolution
		SolutionGuid = {F41929D6-0D4E-46F0-8FEC-EFDADE19CC3D}
	EndGlobalSection
EndGlobal
